# THIS IS AN AUTOGENERATED FILE. DO NOT EDIT THIS FILE DIRECTLY.
# yarn lockfile v1


eslint-config-sentry@^1.19.0:
  version "1.19.0"
  resolved "https://registry.yarnpkg.com/eslint-config-sentry/-/eslint-config-sentry-1.19.0.tgz#87fcc5a580d826b0e8a1f371fa4ab07b9bd3e587"
  integrity sha512-cBFsXoFaMSZnxDNVwH3k8Bntr/i2Zh+e5Q0PmEIwn76Mqg5MguG6MzVFEaQ4FYbrBNn5PxDXi9c54SUaDHaL6Q==
