# THIS IS AN AUTOGENERATED FILE. DO NOT EDIT THIS FILE DIRECTLY.
# yarn lockfile v1


eslint-config-sentry@^1.41.0:
  version "1.41.0"
  resolved "https://registry.yarnpkg.com/eslint-config-sentry/-/eslint-config-sentry-1.41.0.tgz#46c6967ce73bc85674a9f6044d8268253139f3c7"
  integrity sha512-xwFUmMSXzSz9+xIdN03kZwanEspVhvSQZiFyXz8sv5xrawwwPUukvjOKqnZ6gZKMX4QuUb/Y8rqowljIdRbm+w==
